
Microsoft Visual Studio Solution File, Format Version 12.00
# Visual Studio Version 17
VisualStudioVersion = 17.4.33213.308
MinimumVisualStudioVersion = 10.0.40219.1
Project("{FAE04EC0-301F-11D3-BF4B-00C04F79EFBC}") = "InvoiceGenerator", "InvoiceGenerator\InvoiceGenerator.csproj", "{357E6D9E-6210-4AA4-850A-1F3AB9A8FB4E}"
EndProject
Project("{FAE04EC0-301F-11D3-BF4B-00C04F79EFBC}") = "TestProject1", "TestProject1\TestProject1.csproj", "{A64AD0D8-492F-4DEC-A3A6-9BA06773555C}"
EndProject
Global
	GlobalSection(SolutionConfigurationPlatforms) = preSolution
		Debug|Any CPU = Debug|Any CPU
		Release|Any CPU = Release|Any CPU
	EndGlobalSection
	GlobalSection(ProjectConfigurationPlatforms) = postSolution
		{357E6D9E-6210-4AA4-850A-1F3AB9A8FB4E}.Debug|Any CPU.ActiveCfg = Debug|Any CPU
		{357E6D9E-6210-4AA4-850A-1F3AB9A8FB4E}.Debug|Any CPU.Build.0 = Debug|Any CPU
		{357E6D9E-6210-4AA4-850A-1F3AB9A8FB4E}.Release|Any CPU.ActiveCfg = Release|Any CPU
		{357E6D9E-6210-4AA4-850A-1F3AB9A8FB4E}.Release|Any CPU.Build.0 = Release|Any CPU
		{A64AD0D8-492F-4DEC-A3A6-9BA06773555C}.Debug|Any CPU.ActiveCfg = Debug|Any CPU
		{A64AD0D8-492F-4DEC-A3A6-9BA06773555C}.Debug|Any CPU.Build.0 = Debug|Any CPU
		{A64AD0D8-492F-4DEC-A3A6-9BA06773555C}.Release|Any CPU.ActiveCfg = Release|Any CPU
		{A64AD0D8-492F-4DEC-A3A6-9BA06773555C}.Release|Any CPU.Build.0 = Release|Any CPU
	EndGlobalSection
	GlobalSection(SolutionProperties) = preSolution
		HideSolutionNode = FALSE
	EndGlobalSection
	GlobalSection(ExtensibilityGlobals) = postSolution
		SolutionGuid = {13BDBEE3-3D85-41FB-A9BB-0F574613B7B9}
	EndGlobalSection
EndGlobal
